
Microsoft Visual Studio Solution File, Format Version 12.00
# Visual Studio Version 17
VisualStudioVersion = 17.8.34309.116
MinimumVisualStudioVersion = 10.0.40219.1
Project("{FAE04EC0-301F-11D3-BF4B-00C04F79EFBC}") = "OgrenciNotKayitSistemi", "OgrenciNotKayitSistemi\OgrenciNotKayitSistemi.csproj", "{497C50E8-F11A-40A3-9E8E-B5283683F774}"
EndProject
Global
	GlobalSection(SolutionConfigurationPlatforms) = preSolution
		Debug|Any CPU = Debug|Any CPU
		Release|Any CPU = Release|Any CPU
	EndGlobalSection
	GlobalSection(ProjectConfigurationPlatforms) = postSolution
		{497C50E8-F11A-40A3-9E8E-B5283683F774}.Debug|Any CPU.ActiveCfg = Debug|Any CPU
		{497C50E8-F11A-40A3-9E8E-B5283683F774}.Debug|Any CPU.Build.0 = Debug|Any CPU
		{497C50E8-F11A-40A3-9E8E-B5283683F774}.Release|Any CPU.ActiveCfg = Release|Any CPU
		{497C50E8-F11A-40A3-9E8E-B5283683F774}.Release|Any CPU.Build.0 = Release|Any CPU
	EndGlobalSection
	GlobalSection(SolutionProperties) = preSolution
		HideSolutionNode = FALSE
	EndGlobalSection
	GlobalSection(ExtensibilityGlobals) = postSolution
		SolutionGuid = {69809127-7C61-41F1-9212-17BBBD637C95}
	EndGlobalSection
EndGlobal
